
Microsoft Visual Studio Solution File, Format Version 12.00
# Visual Studio 15
VisualStudioVersion = 15.0.26228.64
MinimumVisualStudioVersion = 10.0.40219.1
Project("{FAE04EC0-301F-11D3-BF4B-00C04F79EFBC}") = "WebserviceDemo", "WebserviceDemo\WebserviceDemo.csproj", "{211B1510-457A-4B6E-9B19-F059C15999FF}"
EndProject
Global
	GlobalSection(SolutionConfigurationPlatforms) = preSolution
		Debug|Any CPU = Debug|Any CPU
		Release|Any CPU = Release|Any CPU
	EndGlobalSection
	GlobalSection(ProjectConfigurationPlatforms) = postSolution
		{211B1510-457A-4B6E-9B19-F059C15999FF}.Debug|Any CPU.ActiveCfg = Debug|Any CPU
		{211B1510-457A-4B6E-9B19-F059C15999FF}.Debug|Any CPU.Build.0 = Debug|Any CPU
		{211B1510-457A-4B6E-9B19-F059C15999FF}.Release|Any CPU.ActiveCfg = Release|Any CPU
		{211B1510-457A-4B6E-9B19-F059C15999FF}.Release|Any CPU.Build.0 = Release|Any CPU
	EndGlobalSection
	GlobalSection(SolutionProperties) = preSolution
		HideSolutionNode = FALSE
	EndGlobalSection
EndGlobal
